
Microsoft Visual Studio Solution File, Format Version 12.00
# Visual Studio Version 16
VisualStudioVersion = 16.0.30406.217
MinimumVisualStudioVersion = 10.0.40219.1
Project("{FAE04EC0-301F-11D3-BF4B-00C04F79EFBC}") = "Journale", "Journale\Journale.csproj", "{2B15B7DD-0192-45C5-B26E-337F0E4F55CC}"
EndProject
Global
	GlobalSection(SolutionConfigurationPlatforms) = preSolution
		Debug|Any CPU = Debug|Any CPU
		Release|Any CPU = Release|Any CPU
	EndGlobalSection
	GlobalSection(ProjectConfigurationPlatforms) = postSolution
		{2B15B7DD-0192-45C5-B26E-337F0E4F55CC}.Debug|Any CPU.ActiveCfg = Debug|Any CPU
		{2B15B7DD-0192-45C5-B26E-337F0E4F55CC}.Debug|Any CPU.Build.0 = Debug|Any CPU
		{2B15B7DD-0192-45C5-B26E-337F0E4F55CC}.Release|Any CPU.ActiveCfg = Release|Any CPU
		{2B15B7DD-0192-45C5-B26E-337F0E4F55CC}.Release|Any CPU.Build.0 = Release|Any CPU
	EndGlobalSection
	GlobalSection(SolutionProperties) = preSolution
		HideSolutionNode = FALSE
	EndGlobalSection
	GlobalSection(ExtensibilityGlobals) = postSolution
		SolutionGuid = {61E993E7-1486-4A30-8185-50644AD964D1}
	EndGlobalSection
EndGlobal
